©ž²+^r·š¶ŠïŠw±¶ËZ®×«½êìŠ‰ô×IhrGâ•å^®È¨ŸzÞªè«zËk¹êZrF zÉÚ™ë"µç+y«h®ø§{lµªíz»Þ®È¨ŸMtuê^×§r'¬v¸³ÎW¨®m8çjÞiËu÷n«y§-v‰µ÷n«y§-–†Šx,‘é^¶‰÷çG^¼7©zw^Èž±Éh¹×åj·¿¾+^¦[ Š}wïW¬–)íþ;=ßÞ'{zÉbžÚeº§ìm×­ºµ¨¥Â)ÝrË?¦‹-rË8Û[r¥ë?ž‡^Ûm}×Ûr¥ë?­æœ·_v×‹r¥ë?­æœµÚ&×Ý·¾+^ŽÏé–è"ž·šrÞ´Úø­z;?¦[ ŠzìsNvéÚâÏ9^’+tß]tzÉbžßw÷‡¬–)í¦[ ŠxìÅ­uË­tÙë%Š{i–è"ž·šrÞ÷ï—¬–)í¦[ ŠzÞiËa¢‰,ï]`–†Ú–ÍzãJÞiËlz»Þ­Ú&ÁæéiÉ5÷n­j)pŠw\²Î6ÖÜ©zÇ+Š›y÷{r¥ë®*mzÉbžß9÷{âìm×MzÖ¶¾+^óMwÂ¶§‚W«ãÝ´zx"ë'¡×